
Microsoft Visual Studio Solution File, Format Version 12.00
# Visual Studio Version 17
VisualStudioVersion = 17.7.34221.43
MinimumVisualStudioVersion = 10.0.40219.1
Project("{FAE04EC0-301F-11D3-BF4B-00C04F79EFBC}") = "EPH-Engine", "EPH-Engine\EPH-Engine.csproj", "{00F084F4-48C7-4D0A-9FC7-54ACB370DD33}"
EndProject
Global
	GlobalSection(SolutionConfigurationPlatforms) = preSolution
		Debug|Any CPU = Debug|Any CPU
		Release|Any CPU = Release|Any CPU
	EndGlobalSection
	GlobalSection(ProjectConfigurationPlatforms) = postSolution
		{00F084F4-48C7-4D0A-9FC7-54ACB370DD33}.Debug|Any CPU.ActiveCfg = Debug|Any CPU
		{00F084F4-48C7-4D0A-9FC7-54ACB370DD33}.Debug|Any CPU.Build.0 = Debug|Any CPU
		{00F084F4-48C7-4D0A-9FC7-54ACB370DD33}.Release|Any CPU.ActiveCfg = Release|Any CPU
		{00F084F4-48C7-4D0A-9FC7-54ACB370DD33}.Release|Any CPU.Build.0 = Release|Any CPU
	EndGlobalSection
	GlobalSection(SolutionProperties) = preSolution
		HideSolutionNode = FALSE
	EndGlobalSection
	GlobalSection(ExtensibilityGlobals) = postSolution
		SolutionGuid = {8B05F0A0-7E7A-4208-BB8A-05656059DC11}
	EndGlobalSection
EndGlobal
